
Microsoft Visual Studio Solution File, Format Version 12.00
# Visual Studio Version 17
VisualStudioVersion = 17.4.33213.308
MinimumVisualStudioVersion = 10.0.40219.1
Project("{FAE04EC0-301F-11D3-BF4B-00C04F79EFBC}") = "Aula12Classes", "Aula12Classes\Aula12Classes.csproj", "{EB50AD4E-3710-47BC-8AE8-8C927EADC9A2}"
EndProject
Global
	GlobalSection(SolutionConfigurationPlatforms) = preSolution
		Debug|Any CPU = Debug|Any CPU
		Release|Any CPU = Release|Any CPU
	EndGlobalSection
	GlobalSection(ProjectConfigurationPlatforms) = postSolution
		{EB50AD4E-3710-47BC-8AE8-8C927EADC9A2}.Debug|Any CPU.ActiveCfg = Debug|Any CPU
		{EB50AD4E-3710-47BC-8AE8-8C927EADC9A2}.Debug|Any CPU.Build.0 = Debug|Any CPU
		{EB50AD4E-3710-47BC-8AE8-8C927EADC9A2}.Release|Any CPU.ActiveCfg = Release|Any CPU
		{EB50AD4E-3710-47BC-8AE8-8C927EADC9A2}.Release|Any CPU.Build.0 = Release|Any CPU
	EndGlobalSection
	GlobalSection(SolutionProperties) = preSolution
		HideSolutionNode = FALSE
	EndGlobalSection
	GlobalSection(ExtensibilityGlobals) = postSolution
		SolutionGuid = {C0690EF2-1043-40ED-9D70-2143EF3036DC}
	EndGlobalSection
EndGlobal
